
Microsoft Visual Studio Solution File, Format Version 12.00
# Visual Studio Version 17
VisualStudioVersion = 17.10.34916.146
MinimumVisualStudioVersion = 10.0.40219.1
Project("{9A19103F-16F7-4668-BE54-9A1E7A4F7556}") = "Industriell_Maskinpark_Blazor", "Industriell_Maskinpark_Blazor\Industriell_Maskinpark_Blazor\Industriell_Maskinpark_Blazor.csproj", "{4F2DD15A-C51C-42F8-A77E-6DF15DF2FC6B}"
EndProject
Project("{9A19103F-16F7-4668-BE54-9A1E7A4F7556}") = "Industriell_Maskinpark_Blazor.Client", "Industriell_Maskinpark_Blazor\Industriell_Maskinpark_Blazor.Client\Industriell_Maskinpark_Blazor.Client.csproj", "{1BAB0DAF-4156-47A6-9DB8-146FC5BE84DC}"
EndProject
Project("{9A19103F-16F7-4668-BE54-9A1E7A4F7556}") = "Industriell_Maskinpark_API", "Industriell_Maskinpark_API\Industriell_Maskinpark_API.csproj", "{87105428-32FA-4415-AF83-77F9ED87D4D0}"
EndProject
Global
	GlobalSection(SolutionConfigurationPlatforms) = preSolution
		Debug|Any CPU = Debug|Any CPU
		Release|Any CPU = Release|Any CPU
	EndGlobalSection
	GlobalSection(ProjectConfigurationPlatforms) = postSolution
		{4F2DD15A-C51C-42F8-A77E-6DF15DF2FC6B}.Debug|Any CPU.ActiveCfg = Debug|Any CPU
		{4F2DD15A-C51C-42F8-A77E-6DF15DF2FC6B}.Debug|Any CPU.Build.0 = Debug|Any CPU
		{4F2DD15A-C51C-42F8-A77E-6DF15DF2FC6B}.Release|Any CPU.ActiveCfg = Release|Any CPU
		{4F2DD15A-C51C-42F8-A77E-6DF15DF2FC6B}.Release|Any CPU.Build.0 = Release|Any CPU
		{1BAB0DAF-4156-47A6-9DB8-146FC5BE84DC}.Debug|Any CPU.ActiveCfg = Debug|Any CPU
		{1BAB0DAF-4156-47A6-9DB8-146FC5BE84DC}.Debug|Any CPU.Build.0 = Debug|Any CPU
		{1BAB0DAF-4156-47A6-9DB8-146FC5BE84DC}.Release|Any CPU.ActiveCfg = Release|Any CPU
		{1BAB0DAF-4156-47A6-9DB8-146FC5BE84DC}.Release|Any CPU.Build.0 = Release|Any CPU
		{87105428-32FA-4415-AF83-77F9ED87D4D0}.Debug|Any CPU.ActiveCfg = Debug|Any CPU
		{87105428-32FA-4415-AF83-77F9ED87D4D0}.Debug|Any CPU.Build.0 = Debug|Any CPU
		{87105428-32FA-4415-AF83-77F9ED87D4D0}.Release|Any CPU.ActiveCfg = Release|Any CPU
		{87105428-32FA-4415-AF83-77F9ED87D4D0}.Release|Any CPU.Build.0 = Release|Any CPU
	EndGlobalSection
	GlobalSection(SolutionProperties) = preSolution
		HideSolutionNode = FALSE
	EndGlobalSection
	GlobalSection(ExtensibilityGlobals) = postSolution
		SolutionGuid = {3C523F19-CB24-4E59-A61F-3D9CF557ABA9}
	EndGlobalSection
EndGlobal
